<?xml version="1.0" encoding="utf-8"?>
<Project ToolsVersion="4.0" xmlns="http://schemas.microsoft.com/developer/msbuild/2003">
  <ItemGroup>
    <Filter Include="Source Files">
      <UniqueIdentifier>{4FC737F1-C7A5-4376-A066-2A32D752A2FF}</UniqueIdentifier>
      <Extensions>cpp;c;cxx;def;odl;idl;hpj;bat;asm;asmx</Extensions>
    </Filter>
    <Filter Include="Header Files">
      <UniqueIdentifier>{93995380-89BD-4b04-88EB-625FBE52EBFB}</UniqueIdentifier>
      <Extensions>h;hpp;hxx;hm;inl;inc;xsd</Extensions>
    </Filter>
    <Filter Include="zlx">
      <UniqueIdentifier>{23d4c80c-ff6f-4e53-92ba-2059db42b1fb}</UniqueIdentifier>
    </Filter>
    <Filter Include="zlx\Console">
      <UniqueIdentifier>{a713883e-3c77-4454-b1cf-bf84095373f9}</UniqueIdentifier>
    </Filter>
    <Filter Include="zlx\Console\header">
      <UniqueIdentifier>{2baa65e8-717d-4332-a483-43770e256324}</UniqueIdentifier>
    </Filter>
    <Filter Include="zlx\Console\source">
      <UniqueIdentifier>{c4c6ac79-168f-474f-a735-bfc2e85338c8}</UniqueIdentifier>
    </Filter>
    <Filter Include="zlx\Common">
      <UniqueIdentifier>{cdf235e6-af19-440f-94af-e651109dc29e}</UniqueIdentifier>
    </Filter>
    <Filter Include="zlx\Font">
      <UniqueIdentifier>{d2170630-adca-4f17-83f6-b383ba38a14c}</UniqueIdentifier>
    </Filter>
    <Filter Include="zlx\Utils">
      <UniqueIdentifier>{a16740c3-915f-4b61-953e-76512146ca68}</UniqueIdentifier>
    </Filter>
    <Filter Include="shader">
      <UniqueIdentifier>{80be5b79-6d30-4b62-b881-256a84008f9a}</UniqueIdentifier>
    </Filter>
    <Filter Include="zlx\Draw">
      <UniqueIdentifier>{bdd6ed99-2fbb-4d98-8f6b-04ec4c4a7416}</UniqueIdentifier>
    </Filter>
    <Filter Include="w32">
      <UniqueIdentifier>{0dcfb4b9-af2f-4fb0-a202-ee1add01aa7a}</UniqueIdentifier>
    </Filter>
    <Filter Include="zlx\Smc">
      <UniqueIdentifier>{2bf2bd46-32e4-4bcb-b4ef-4c95c24d27a1}</UniqueIdentifier>
    </Filter>
  </ItemGroup>
  <ItemGroup>
    <None Include="ReadMe.txt" />
  </ItemGroup>
  <ItemGroup>
    <ClInclude Include="stdafx.h">
      <Filter>Header Files</Filter>
    </ClInclude>
    <ClInclude Include="Console.h">
      <Filter>zlx\Console\header</Filter>
    </ClInclude>
    <ClInclude Include="zlx.h">
      <Filter>zlx\Common</Filter>
    </ClInclude>
    <ClInclude Include="Font.h">
      <Filter>zlx\Font</Filter>
    </ClInclude>
    <ClInclude Include="Utils.h">
      <Filter>zlx\Utils</Filter>
    </ClInclude>
    <ClInclude Include="Draw.h">
      <Filter>zlx\Draw</Filter>
    </ClInclude>
    <ClInclude Include="font_str.h">
      <Filter>zlx\Font</Filter>
    </ClInclude>
    <ClInclude Include="draw_shader.h">
      <Filter>zlx\Draw</Filter>
    </ClInclude>
    <ClInclude Include="posix\dirent.h">
      <Filter>w32</Filter>
    </ClInclude>
    <ClInclude Include="posix\input.h">
      <Filter>w32</Filter>
    </ClInclude>
  </ItemGroup>
  <ItemGroup>
    <ClCompile Include="stdafx.cpp">
      <Filter>Source Files</Filter>
    </ClCompile>
    <ClCompile Include="Console.cpp">
      <Filter>zlx\Console\source</Filter>
    </ClCompile>
    <ClCompile Include="Font.cpp">
      <Filter>zlx\Font</Filter>
    </ClCompile>
    <ClCompile Include="zlx.cpp">
      <Filter>zlx\Common</Filter>
    </ClCompile>
    <ClCompile Include="Utils.cpp">
      <Filter>zlx\Utils</Filter>
    </ClCompile>
    <ClCompile Include="Draw.cpp">
      <Filter>zlx\Draw</Filter>
    </ClCompile>
    <ClCompile Include="..\example\simple.cpp">
      <Filter>Source Files</Filter>
    </ClCompile>
    <ClCompile Include="..\example\simple_2.cpp">
      <Filter>Source Files</Filter>
    </ClCompile>
    <ClCompile Include="posix\dirent.c">
      <Filter>w32</Filter>
    </ClCompile>
    <ClCompile Include="..\example\Menu.cpp">
      <Filter>Source Files</Filter>
    </ClCompile>
    <ClCompile Include="..\example\menu1.cpp">
      <Filter>Source Files</Filter>
    </ClCompile>
    <ClCompile Include="posix\input.c">
      <Filter>w32</Filter>
    </ClCompile>
  </ItemGroup>
  <ItemGroup>
    <CustomBuild Include="shader\font_p.hlsl">
      <Filter>shader</Filter>
    </CustomBuild>
    <CustomBuild Include="shader\font_v.hlsl">
      <Filter>shader</Filter>
    </CustomBuild>
    <CustomBuild Include="shader\draw_t_p.hlsl">
      <Filter>shader</Filter>
    </CustomBuild>
    <CustomBuild Include="shader\draw_v.hlsl">
      <Filter>shader</Filter>
    </CustomBuild>
    <CustomBuild Include="shader\draw_c_p.hlsl">
      <Filter>shader</Filter>
    </CustomBuild>
  </ItemGroup>
</Project>